// !$*UTF8*$!
{
	archiveVersion = 1;
	classes = {
	};
	objectVersion = 56;
	objects = {

/* Begin PBXBuildFile section */
		6E0C9C682C04EFD0009681A8 /* SearchAndFilterBar.swift in Sources */ = {isa = PBXBuildFile; fileRef = 6E0C9C672C04EFD0009681A8 /* SearchAndFilterBar.swift */; };
		6E185E152C9911D600F01517 /* Regions.swift in Sources */ = {isa = PBXBuildFile; fileRef = 6E185E142C9911D600F01517 /* Regions.swift */; };
		6E1E51872C5FEE8300441D48 /* DestinationSearchView.swift in Sources */ = {isa = PBXBuildFile; fileRef = 6E1E51862C5FEE8300441D48 /* DestinationSearchView.swift */; };
		6E99AA852BFEA917006C0FA1 /* Airbnb_cloneApp.swift in Sources */ = {isa = PBXBuildFile; fileRef = 6E99AA842BFEA917006C0FA1 /* Airbnb_cloneApp.swift */; };
		6E99AA872BFEA917006C0FA1 /* ContentView.swift in Sources */ = {isa = PBXBuildFile; fileRef = 6E99AA862BFEA917006C0FA1 /* ContentView.swift */; };
		6E99AA892BFEA919006C0FA1 /* Assets.xcassets in Resources */ = {isa = PBXBuildFile; fileRef = 6E99AA882BFEA919006C0FA1 /* Assets.xcassets */; };
		6E99AA8C2BFEA919006C0FA1 /* Preview Assets.xcassets in Resources */ = {isa = PBXBuildFile; fileRef = 6E99AA8B2BFEA919006C0FA1 /* Preview Assets.xcassets */; };
		6E99AA9F2BFEAC7A006C0FA1 /* ExploreView.swift in Sources */ = {isa = PBXBuildFile; fileRef = 6E99AA9E2BFEAC7A006C0FA1 /* ExploreView.swift */; };
		6E99AAA12BFEAE97006C0FA1 /* ListingItemView.swift in Sources */ = {isa = PBXBuildFile; fileRef = 6E99AAA02BFEAE97006C0FA1 /* ListingItemView.swift */; };
		6EB8ABCD2C7F910C00B297FA /* ProfileView.swift in Sources */ = {isa = PBXBuildFile; fileRef = 6EB8ABCC2C7F910C00B297FA /* ProfileView.swift */; };
		6EB8ABCF2C7F941100B297FA /* ProfileOptionRowView.swift in Sources */ = {isa = PBXBuildFile; fileRef = 6EB8ABCE2C7F941100B297FA /* ProfileOptionRowView.swift */; };
		6EB8ABD12C7F95E200B297FA /* WishListsView.swift in Sources */ = {isa = PBXBuildFile; fileRef = 6EB8ABD02C7F95E200B297FA /* WishListsView.swift */; };
		6EB8ABD32C7F98DE00B297FA /* MainTabView.swift in Sources */ = {isa = PBXBuildFile; fileRef = 6EB8ABD22C7F98DE00B297FA /* MainTabView.swift */; };
		6EC856D42C97DA3100DF47E3 /* DeveloperPreview.swift in Sources */ = {isa = PBXBuildFile; fileRef = 6EC856D32C97DA3100DF47E3 /* DeveloperPreview.swift */; };
		6ECA3D972C051A3100E49F0D /* ListingDetailView.swift in Sources */ = {isa = PBXBuildFile; fileRef = 6ECA3D962C051A3100E49F0D /* ListingDetailView.swift */; };
		6ECA3D9B2C051EC200E49F0D /* ListingImageCarousel.swift in Sources */ = {isa = PBXBuildFile; fileRef = 6ECA3D9A2C051EC200E49F0D /* ListingImageCarousel.swift */; };
		6ED0565E2C807FEC0067E264 /* Listing.swift in Sources */ = {isa = PBXBuildFile; fileRef = 6ED0565D2C807FEC0067E264 /* Listing.swift */; };
		6EE70C332C98E1F000966DC6 /* ExploreViewModel.swift in Sources */ = {isa = PBXBuildFile; fileRef = 6EE70C322C98E1F000966DC6 /* ExploreViewModel.swift */; };
		6EE70C352C98E30800966DC6 /* ExploreService.swift in Sources */ = {isa = PBXBuildFile; fileRef = 6EE70C342C98E30800966DC6 /* ExploreService.swift */; };
		D21360A0B52F113EB17F710F /* Pods_Airbnb_clone.framework in Frameworks */ = {isa = PBXBuildFile; fileRef = 4292B8D62604D9B7197DD98F /* Pods_Airbnb_clone.framework */; };
/* End PBXBuildFile section */

/* Begin PBXFileReference section */
		4097085CD9E4706895490246 /* Pods-Airbnb clone.debug.xcconfig */ = {isa = PBXFileReference; includeInIndex = 1; lastKnownFileType = text.xcconfig; name = "Pods-Airbnb clone.debug.xcconfig"; path = "Target Support Files/Pods-Airbnb clone/Pods-Airbnb clone.debug.xcconfig"; sourceTree = "<group>"; };
		4292B8D62604D9B7197DD98F /* Pods_Airbnb_clone.framework */ = {isa = PBXFileReference; explicitFileType = wrapper.framework; includeInIndex = 0; path = Pods_Airbnb_clone.framework; sourceTree = BUILT_PRODUCTS_DIR; };
		6E0C9C672C04EFD0009681A8 /* SearchAndFilterBar.swift */ = {isa = PBXFileReference; lastKnownFileType = sourcecode.swift; path = SearchAndFilterBar.swift; sourceTree = "<group>"; };
		6E185E142C9911D600F01517 /* Regions.swift */ = {isa = PBXFileReference; lastKnownFileType = sourcecode.swift; path = Regions.swift; sourceTree = "<group>"; };
		6E1E51862C5FEE8300441D48 /* DestinationSearchView.swift */ = {isa = PBXFileReference; lastKnownFileType = sourcecode.swift; path = DestinationSearchView.swift; sourceTree = "<group>"; };
		6E99AA842BFEA917006C0FA1 /* Airbnb_cloneApp.swift */ = {isa = PBXFileReference; lastKnownFileType = sourcecode.swift; path = Airbnb_cloneApp.swift; sourceTree = "<group>"; };
		6E99AA862BFEA917006C0FA1 /* ContentView.swift */ = {isa = PBXFileReference; lastKnownFileType = sourcecode.swift; path = ContentView.swift; sourceTree = "<group>"; };
		6E99AA882BFEA919006C0FA1 /* Assets.xcassets */ = {isa = PBXFileReference; lastKnownFileType = folder.assetcatalog; path = Assets.xcassets; sourceTree = "<group>"; };
		6E99AA8B2BFEA919006C0FA1 /* Preview Assets.xcassets */ = {isa = PBXFileReference; lastKnownFileType = folder.assetcatalog; path = "Preview Assets.xcassets"; sourceTree = "<group>"; };
		6E99AA9E2BFEAC7A006C0FA1 /* ExploreView.swift */ = {isa = PBXFileReference; lastKnownFileType = sourcecode.swift; path = ExploreView.swift; sourceTree = "<group>"; };
		6E99AAA02BFEAE97006C0FA1 /* ListingItemView.swift */ = {isa = PBXFileReference; lastKnownFileType = sourcecode.swift; path = ListingItemView.swift; sourceTree = "<group>"; };
		6EB8ABCC2C7F910C00B297FA /* ProfileView.swift */ = {isa = PBXFileReference; lastKnownFileType = sourcecode.swift; path = ProfileView.swift; sourceTree = "<group>"; };
		6EB8ABCE2C7F941100B297FA /* ProfileOptionRowView.swift */ = {isa = PBXFileReference; lastKnownFileType = sourcecode.swift; path = ProfileOptionRowView.swift; sourceTree = "<group>"; };
		6EB8ABD02C7F95E200B297FA /* WishListsView.swift */ = {isa = PBXFileReference; lastKnownFileType = sourcecode.swift; path = WishListsView.swift; sourceTree = "<group>"; };
		6EB8ABD22C7F98DE00B297FA /* MainTabView.swift */ = {isa = PBXFileReference; lastKnownFileType = sourcecode.swift; path = MainTabView.swift; sourceTree = "<group>"; };
		6EC856CD2C97D77F00DF47E3 /* Airbnb clone.app */ = {isa = PBXFileReference; explicitFileType = wrapper.application; includeInIndex = 0; path = "Airbnb clone.app"; sourceTree = BUILT_PRODUCTS_DIR; };
		6EC856D32C97DA3100DF47E3 /* DeveloperPreview.swift */ = {isa = PBXFileReference; lastKnownFileType = sourcecode.swift; path = DeveloperPreview.swift; sourceTree = "<group>"; };
		6ECA3D962C051A3100E49F0D /* ListingDetailView.swift */ = {isa = PBXFileReference; lastKnownFileType = sourcecode.swift; path = ListingDetailView.swift; sourceTree = "<group>"; };
		6ECA3D9A2C051EC200E49F0D /* ListingImageCarousel.swift */ = {isa = PBXFileReference; lastKnownFileType = sourcecode.swift; path = ListingImageCarousel.swift; sourceTree = "<group>"; };
		6ED0565D2C807FEC0067E264 /* Listing.swift */ = {isa = PBXFileReference; lastKnownFileType = sourcecode.swift; path = Listing.swift; sourceTree = "<group>"; };
		6EE70C322C98E1F000966DC6 /* ExploreViewModel.swift */ = {isa = PBXFileReference; lastKnownFileType = sourcecode.swift; path = ExploreViewModel.swift; sourceTree = "<group>"; };
		6EE70C342C98E30800966DC6 /* ExploreService.swift */ = {isa = PBXFileReference; lastKnownFileType = sourcecode.swift; path = ExploreService.swift; sourceTree = "<group>"; };
		E840AEA2BE612DD48951E424 /* Pods-Airbnb clone.release.xcconfig */ = {isa = PBXFileReference; includeInIndex = 1; lastKnownFileType = text.xcconfig; name = "Pods-Airbnb clone.release.xcconfig"; path = "Target Support Files/Pods-Airbnb clone/Pods-Airbnb clone.release.xcconfig"; sourceTree = "<group>"; };
/* End PBXFileReference section */

/* Begin PBXFrameworksBuildPhase section */
		6E99AA7E2BFEA917006C0FA1 /* Frameworks */ = {
			isa = PBXFrameworksBuildPhase;
			buildActionMask = 2147483647;
			files = (
				D21360A0B52F113EB17F710F /* Pods_Airbnb_clone.framework in Frameworks */,
			);
			runOnlyForDeploymentPostprocessing = 0;
		};
/* End PBXFrameworksBuildPhase section */

/* Begin PBXGroup section */
		410322F0F13D4FDFF5605A74 /* Pods */ = {
			isa = PBXGroup;
			children = (
				4097085CD9E4706895490246 /* Pods-Airbnb clone.debug.xcconfig */,
				E840AEA2BE612DD48951E424 /* Pods-Airbnb clone.release.xcconfig */,
			);
			path = Pods;
			sourceTree = "<group>";
		};
		5596D7F3FDDA67302D4E7BB3 /* Frameworks */ = {
			isa = PBXGroup;
			children = (
				4292B8D62604D9B7197DD98F /* Pods_Airbnb_clone.framework */,
			);
			name = Frameworks;
			sourceTree = "<group>";
		};
		6E99AA782BFEA917006C0FA1 = {
			isa = PBXGroup;
			children = (
				6E99AA832BFEA917006C0FA1 /* Airbnb clone */,
				410322F0F13D4FDFF5605A74 /* Pods */,
				5596D7F3FDDA67302D4E7BB3 /* Frameworks */,
				6EC856CD2C97D77F00DF47E3 /* Airbnb clone.app */,
			);
			sourceTree = "<group>";
		};
		6E99AA832BFEA917006C0FA1 /* Airbnb clone */ = {
			isa = PBXGroup;
			children = (
				6EC856D22C97DA2000DF47E3 /* Extensions */,
				6E99AA952BFEAAA2006C0FA1 /* App */,
				6E99AA942BFEAAA0006C0FA1 /* Core */,
				6E99AA862BFEA917006C0FA1 /* ContentView.swift */,
				6E99AA882BFEA919006C0FA1 /* Assets.xcassets */,
				6E99AA8A2BFEA919006C0FA1 /* Preview Content */,
			);
			path = "Airbnb clone";
			sourceTree = "<group>";
		};
		6E99AA8A2BFEA919006C0FA1 /* Preview Content */ = {
			isa = PBXGroup;
			children = (
				6E99AA8B2BFEA919006C0FA1 /* Preview Assets.xcassets */,
			);
			path = "Preview Content";
			sourceTree = "<group>";
		};
		6E99AA942BFEAAA0006C0FA1 /* Core */ = {
			isa = PBXGroup;
			children = (
				6ECA3D982C051EA300E49F0D /* Components */,
				6E99AA972BFEAB41006C0FA1 /* Explore */,
				6E99AA982BFEAB4E006C0FA1 /* Listings */,
				6E99AA992BFEAB5C006C0FA1 /* MapView */,
				6E99AA9A2BFEAB6A006C0FA1 /* Profile */,
				6E99AA9B2BFEAB77006C0FA1 /* Root */,
				6E99AA9C2BFEAB82006C0FA1 /* TabBar */,
				6E99AA9D2BFEAB93006C0FA1 /* WishLists */,
			);
			path = Core;
			sourceTree = "<group>";
		};
		6E99AA952BFEAAA2006C0FA1 /* App */ = {
			isa = PBXGroup;
			children = (
				6E99AA842BFEA917006C0FA1 /* Airbnb_cloneApp.swift */,
			);
			path = App;
			sourceTree = "<group>";
		};
		6E99AA972BFEAB41006C0FA1 /* Explore */ = {
			isa = PBXGroup;
			children = (
				6EE70C312C98E19300966DC6 /* ViewModel */,
				6EE70C302C98E18500966DC6 /* Views */,
				6EE70C2F2C98E16500966DC6 /* Services */,
			);
			path = Explore;
			sourceTree = "<group>";
		};
		6E99AA982BFEAB4E006C0FA1 /* Listings */ = {
			isa = PBXGroup;
			children = (
				6ED0565C2C807FBD0067E264 /* Views */,
				6ED0565B2C807FB30067E264 /* Models */,
			);
			path = Listings;
			sourceTree = "<group>";
		};
		6E99AA992BFEAB5C006C0FA1 /* MapView */ = {
			isa = PBXGroup;
			children = (
			);
			path = MapView;
			sourceTree = "<group>";
		};
		6E99AA9A2BFEAB6A006C0FA1 /* Profile */ = {
			isa = PBXGroup;
			children = (
				6EB8ABCC2C7F910C00B297FA /* ProfileView.swift */,
				6EB8ABCE2C7F941100B297FA /* ProfileOptionRowView.swift */,
			);
			path = Profile;
			sourceTree = "<group>";
		};
		6E99AA9B2BFEAB77006C0FA1 /* Root */ = {
			isa = PBXGroup;
			children = (
			);
			path = Root;
			sourceTree = "<group>";
		};
		6E99AA9C2BFEAB82006C0FA1 /* TabBar */ = {
			isa = PBXGroup;
			children = (
				6EB8ABD22C7F98DE00B297FA /* MainTabView.swift */,
			);
			path = TabBar;
			sourceTree = "<group>";
		};
		6E99AA9D2BFEAB93006C0FA1 /* WishLists */ = {
			isa = PBXGroup;
			children = (
				6EB8ABD02C7F95E200B297FA /* WishListsView.swift */,
			);
			path = WishLists;
			sourceTree = "<group>";
		};
		6EC856D22C97DA2000DF47E3 /* Extensions */ = {
			isa = PBXGroup;
			children = (
				6EC856D32C97DA3100DF47E3 /* DeveloperPreview.swift */,
				6E185E142C9911D600F01517 /* Regions.swift */,
			);
			path = Extensions;
			sourceTree = "<group>";
		};
		6ECA3D982C051EA300E49F0D /* Components */ = {
			isa = PBXGroup;
			children = (
				6ECA3D9A2C051EC200E49F0D /* ListingImageCarousel.swift */,
			);
			path = Components;
			sourceTree = "<group>";
		};
		6ED0565B2C807FB30067E264 /* Models */ = {
			isa = PBXGroup;
			children = (
				6ED0565D2C807FEC0067E264 /* Listing.swift */,
			);
			path = Models;
			sourceTree = "<group>";
		};
		6ED0565C2C807FBD0067E264 /* Views */ = {
			isa = PBXGroup;
			children = (
				6E99AAA02BFEAE97006C0FA1 /* ListingItemView.swift */,
				6ECA3D962C051A3100E49F0D /* ListingDetailView.swift */,
			);
			path = Views;
			sourceTree = "<group>";
		};
		6EE70C2F2C98E16500966DC6 /* Services */ = {
			isa = PBXGroup;
			children = (
				6EE70C342C98E30800966DC6 /* ExploreService.swift */,
			);
			path = Services;
			sourceTree = "<group>";
		};
		6EE70C302C98E18500966DC6 /* Views */ = {
			isa = PBXGroup;
			children = (
				6E99AA9E2BFEAC7A006C0FA1 /* ExploreView.swift */,
				6E0C9C672C04EFD0009681A8 /* SearchAndFilterBar.swift */,
				6E1E51862C5FEE8300441D48 /* DestinationSearchView.swift */,
			);
			path = Views;
			sourceTree = "<group>";
		};
		6EE70C312C98E19300966DC6 /* ViewModel */ = {
			isa = PBXGroup;
			children = (
				6EE70C322C98E1F000966DC6 /* ExploreViewModel.swift */,
			);
			path = ViewModel;
			sourceTree = "<group>";
		};
/* End PBXGroup section */

/* Begin PBXNativeTarget section */
		6E99AA802BFEA917006C0FA1 /* Airbnb clone */ = {
			isa = PBXNativeTarget;
			buildConfigurationList = 6E99AA8F2BFEA919006C0FA1 /* Build configuration list for PBXNativeTarget "Airbnb clone" */;
			buildPhases = (
				E399EF4F00944580BAA09E7C /* [CP] Check Pods Manifest.lock */,
				6E99AA7D2BFEA917006C0FA1 /* Sources */,
				6E99AA7E2BFEA917006C0FA1 /* Frameworks */,
				6E99AA7F2BFEA917006C0FA1 /* Resources */,
			);
			buildRules = (
			);
			dependencies = (
			);
			name = "Airbnb clone";
			productName = "Airbnb clone";
			productReference = 6EC856CD2C97D77F00DF47E3 /* Airbnb clone.app */;
			productType = "com.apple.product-type.application";
		};
/* End PBXNativeTarget section */

/* Begin PBXProject section */
		6E99AA792BFEA917006C0FA1 /* Project object */ = {
			isa = PBXProject;
			attributes = {
				BuildIndependentTargetsInParallel = 1;
				LastSwiftUpdateCheck = 1530;
				LastUpgradeCheck = 1530;
				TargetAttributes = {
					6E99AA802BFEA917006C0FA1 = {
						CreatedOnToolsVersion = 15.3;
					};
				};
			};
			buildConfigurationList = 6E99AA7C2BFEA917006C0FA1 /* Build configuration list for PBXProject "Airbnb clone" */;
			compatibilityVersion = "Xcode 14.0";
			developmentRegion = en;
			hasScannedForEncodings = 0;
			knownRegions = (
				en,
				Base,
			);
			mainGroup = 6E99AA782BFEA917006C0FA1;
			productRefGroup = 6E99AA782BFEA917006C0FA1;
			projectDirPath = "";
			projectRoot = "";
			targets = (
				6E99AA802BFEA917006C0FA1 /* Airbnb clone */,
			);
		};
/* End PBXProject section */

/* Begin PBXResourcesBuildPhase section */
		6E99AA7F2BFEA917006C0FA1 /* Resources */ = {
			isa = PBXResourcesBuildPhase;
			buildActionMask = 2147483647;
			files = (
				6E99AA8C2BFEA919006C0FA1 /* Preview Assets.xcassets in Resources */,
				6E99AA892BFEA919006C0FA1 /* Assets.xcassets in Resources */,
			);
			runOnlyForDeploymentPostprocessing = 0;
		};
/* End PBXResourcesBuildPhase section */

/* Begin PBXShellScriptBuildPhase section */
		E399EF4F00944580BAA09E7C /* [CP] Check Pods Manifest.lock */ = {
			isa = PBXShellScriptBuildPhase;
			buildActionMask = 2147483647;
			files = (
			);
			inputFileListPaths = (
			);
			inputPaths = (
				"${PODS_PODFILE_DIR_PATH}/Podfile.lock",
				"${PODS_ROOT}/Manifest.lock",
			);
			name = "[CP] Check Pods Manifest.lock";
			outputFileListPaths = (
			);
			outputPaths = (
				"$(DERIVED_FILE_DIR)/Pods-Airbnb clone-checkManifestLockResult.txt",
			);
			runOnlyForDeploymentPostprocessing = 0;
			shellPath = /bin/sh;
			shellScript = "diff \"${PODS_PODFILE_DIR_PATH}/Podfile.lock\" \"${PODS_ROOT}/Manifest.lock\" > /dev/null\nif [ $? != 0 ] ; then\n    # print error to STDERR\n    echo \"error: The sandbox is not in sync with the Podfile.lock. Run 'pod install' or update your CocoaPods installation.\" >&2\n    exit 1\nfi\n# This output is used by Xcode 'outputs' to avoid re-running this script phase.\necho \"SUCCESS\" > \"${SCRIPT_OUTPUT_FILE_0}\"\n";
			showEnvVarsInLog = 0;
		};
/* End PBXShellScriptBuildPhase section */

/* Begin PBXSourcesBuildPhase section */
		6E99AA7D2BFEA917006C0FA1 /* Sources */ = {
			isa = PBXSourcesBuildPhase;
			buildActionMask = 2147483647;
			files = (
				6E99AA872BFEA917006C0FA1 /* ContentView.swift in Sources */,
				6EB8ABCD2C7F910C00B297FA /* ProfileView.swift in Sources */,
				6EB8ABCF2C7F941100B297FA /* ProfileOptionRowView.swift in Sources */,
				6E1E51872C5FEE8300441D48 /* DestinationSearchView.swift in Sources */,
				6E99AAA12BFEAE97006C0FA1 /* ListingItemView.swift in Sources */,
				6E99AA9F2BFEAC7A006C0FA1 /* ExploreView.swift in Sources */,
				6EE70C332C98E1F000966DC6 /* ExploreViewModel.swift in Sources */,
				6E185E152C9911D600F01517 /* Regions.swift in Sources */,
				6EB8ABD12C7F95E200B297FA /* WishListsView.swift in Sources */,
				6ED0565E2C807FEC0067E264 /* Listing.swift in Sources */,
				6E0C9C682C04EFD0009681A8 /* SearchAndFilterBar.swift in Sources */,
				6ECA3D972C051A3100E49F0D /* ListingDetailView.swift in Sources */,
				6ECA3D9B2C051EC200E49F0D /* ListingImageCarousel.swift in Sources */,
				6E99AA852BFEA917006C0FA1 /* Airbnb_cloneApp.swift in Sources */,
				6EB8ABD32C7F98DE00B297FA /* MainTabView.swift in Sources */,
				6EC856D42C97DA3100DF47E3 /* DeveloperPreview.swift in Sources */,
				6EE70C352C98E30800966DC6 /* ExploreService.swift in Sources */,
			);
			runOnlyForDeploymentPostprocessing = 0;
		};
/* End PBXSourcesBuildPhase section */

/* Begin XCBuildConfiguration section */
		6E99AA8D2BFEA919006C0FA1 /* Debug */ = {
			isa = XCBuildConfiguration;
			buildSettings = {
				ALWAYS_SEARCH_USER_PATHS = NO;
				ASSETCATALOG_COMPILER_GENERATE_SWIFT_ASSET_SYMBOL_EXTENSIONS = YES;
				CLANG_ANALYZER_NONNULL = YES;
				CLANG_ANALYZER_NUMBER_OBJECT_CONVERSION = YES_AGGRESSIVE;
				CLANG_CXX_LANGUAGE_STANDARD = "gnu++20";
				CLANG_ENABLE_MODULES = YES;
				CLANG_ENABLE_OBJC_ARC = YES;
				CLANG_ENABLE_OBJC_WEAK = YES;
				CLANG_WARN_BLOCK_CAPTURE_AUTORELEASING = YES;
				CLANG_WARN_BOOL_CONVERSION = YES;
				CLANG_WARN_COMMA = YES;
				CLANG_WARN_CONSTANT_CONVERSION = YES;
				CLANG_WARN_DEPRECATED_OBJC_IMPLEMENTATIONS = YES;
				CLANG_WARN_DIRECT_OBJC_ISA_USAGE = YES_ERROR;
				CLANG_WARN_DOCUMENTATION_COMMENTS = YES;
				CLANG_WARN_EMPTY_BODY = YES;
				CLANG_WARN_ENUM_CONVERSION = YES;
				CLANG_WARN_INFINITE_RECURSION = YES;
				CLANG_WARN_INT_CONVERSION = YES;
				CLANG_WARN_NON_LITERAL_NULL_CONVERSION = YES;
				CLANG_WARN_OBJC_IMPLICIT_RETAIN_SELF = YES;
				CLANG_WARN_OBJC_LITERAL_CONVERSION = YES;
				CLANG_WARN_OBJC_ROOT_CLASS = YES_ERROR;
				CLANG_WARN_QUOTED_INCLUDE_IN_FRAMEWORK_HEADER = YES;
				CLANG_WARN_RANGE_LOOP_ANALYSIS = YES;
				CLANG_WARN_STRICT_PROTOTYPES = YES;
				CLANG_WARN_SUSPICIOUS_MOVE = YES;
				CLANG_WARN_UNGUARDED_AVAILABILITY = YES_AGGRESSIVE;
				CLANG_WARN_UNREACHABLE_CODE = YES;
				CLANG_WARN__DUPLICATE_METHOD_MATCH = YES;
				COPY_PHASE_STRIP = NO;
				DEBUG_INFORMATION_FORMAT = dwarf;
				ENABLE_STRICT_OBJC_MSGSEND = YES;
				ENABLE_TESTABILITY = YES;
				ENABLE_USER_SCRIPT_SANDBOXING = YES;
				GCC_C_LANGUAGE_STANDARD = gnu17;
				GCC_DYNAMIC_NO_PIC = NO;
				GCC_NO_COMMON_BLOCKS = YES;
				GCC_OPTIMIZATION_LEVEL = 0;
				GCC_PREPROCESSOR_DEFINITIONS = (
					"DEBUG=1",
					"$(inherited)",
				);
				GCC_WARN_64_TO_32_BIT_CONVERSION = YES;
				GCC_WARN_ABOUT_RETURN_TYPE = YES_ERROR;
				GCC_WARN_UNDECLARED_SELECTOR = YES;
				GCC_WARN_UNINITIALIZED_AUTOS = YES_AGGRESSIVE;
				GCC_WARN_UNUSED_FUNCTION = YES;
				GCC_WARN_UNUSED_VARIABLE = YES;
				IPHONEOS_DEPLOYMENT_TARGET = 17.4;
				LOCALIZATION_PREFERS_STRING_CATALOGS = YES;
				MTL_ENABLE_DEBUG_INFO = INCLUDE_SOURCE;
				MTL_FAST_MATH = YES;
				ONLY_ACTIVE_ARCH = YES;
				SDKROOT = iphoneos;
				SWIFT_ACTIVE_COMPILATION_CONDITIONS = "DEBUG $(inherited)";
				SWIFT_OPTIMIZATION_LEVEL = "-Onone";
			};
			name = Debug;
		};
		6E99AA8E2BFEA919006C0FA1 /* Release */ = {
			isa = XCBuildConfiguration;
			buildSettings = {
				ALWAYS_SEARCH_USER_PATHS = NO;
				ASSETCATALOG_COMPILER_GENERATE_SWIFT_ASSET_SYMBOL_EXTENSIONS = YES;
				CLANG_ANALYZER_NONNULL = YES;
				CLANG_ANALYZER_NUMBER_OBJECT_CONVERSION = YES_AGGRESSIVE;
				CLANG_CXX_LANGUAGE_STANDARD = "gnu++20";
				CLANG_ENABLE_MODULES = YES;
				CLANG_ENABLE_OBJC_ARC = YES;
				CLANG_ENABLE_OBJC_WEAK = YES;
				CLANG_WARN_BLOCK_CAPTURE_AUTORELEASING = YES;
				CLANG_WARN_BOOL_CONVERSION = YES;
				CLANG_WARN_COMMA = YES;
				CLANG_WARN_CONSTANT_CONVERSION = YES;
				CLANG_WARN_DEPRECATED_OBJC_IMPLEMENTATIONS = YES;
				CLANG_WARN_DIRECT_OBJC_ISA_USAGE = YES_ERROR;
				CLANG_WARN_DOCUMENTATION_COMMENTS = YES;
				CLANG_WARN_EMPTY_BODY = YES;
				CLANG_WARN_ENUM_CONVERSION = YES;
				CLANG_WARN_INFINITE_RECURSION = YES;
				CLANG_WARN_INT_CONVERSION = YES;
				CLANG_WARN_NON_LITERAL_NULL_CONVERSION = YES;
				CLANG_WARN_OBJC_IMPLICIT_RETAIN_SELF = YES;
				CLANG_WARN_OBJC_LITERAL_CONVERSION = YES;
				CLANG_WARN_OBJC_ROOT_CLASS = YES_ERROR;
				CLANG_WARN_QUOTED_INCLUDE_IN_FRAMEWORK_HEADER = YES;
				CLANG_WARN_RANGE_LOOP_ANALYSIS = YES;
				CLANG_WARN_STRICT_PROTOTYPES = YES;
				CLANG_WARN_SUSPICIOUS_MOVE = YES;
				CLANG_WARN_UNGUARDED_AVAILABILITY = YES_AGGRESSIVE;
				CLANG_WARN_UNREACHABLE_CODE = YES;
				CLANG_WARN__DUPLICATE_METHOD_MATCH = YES;
				COPY_PHASE_STRIP = NO;
				DEBUG_INFORMATION_FORMAT = "dwarf-with-dsym";
				ENABLE_NS_ASSERTIONS = NO;
				ENABLE_STRICT_OBJC_MSGSEND = YES;
				ENABLE_USER_SCRIPT_SANDBOXING = YES;
				GCC_C_LANGUAGE_STANDARD = gnu17;
				GCC_NO_COMMON_BLOCKS = YES;
				GCC_WARN_64_TO_32_BIT_CONVERSION = YES;
				GCC_WARN_ABOUT_RETURN_TYPE = YES_ERROR;
				GCC_WARN_UNDECLARED_SELECTOR = YES;
				GCC_WARN_UNINITIALIZED_AUTOS = YES_AGGRESSIVE;
				GCC_WARN_UNUSED_FUNCTION = YES;
				GCC_WARN_UNUSED_VARIABLE = YES;
				IPHONEOS_DEPLOYMENT_TARGET = 17.4;
				LOCALIZATION_PREFERS_STRING_CATALOGS = YES;
				MTL_ENABLE_DEBUG_INFO = NO;
				MTL_FAST_MATH = YES;
				SDKROOT = iphoneos;
				SWIFT_COMPILATION_MODE = wholemodule;
				VALIDATE_PRODUCT = YES;
			};
			name = Release;
		};
		6E99AA902BFEA919006C0FA1 /* Debug */ = {
			isa = XCBuildConfiguration;
			baseConfigurationReference = 4097085CD9E4706895490246 /* Pods-Airbnb clone.debug.xcconfig */;
			buildSettings = {
				ASSETCATALOG_COMPILER_APPICON_NAME = AppIcon;
				ASSETCATALOG_COMPILER_GLOBAL_ACCENT_COLOR_NAME = AccentColor;
				CODE_SIGN_STYLE = Automatic;
				CURRENT_PROJECT_VERSION = 1;
				DEVELOPMENT_ASSET_PATHS = "\"Airbnb clone/Preview Content\"";
				ENABLE_PREVIEWS = YES;
				GENERATE_INFOPLIST_FILE = YES;
				INFOPLIST_KEY_UIApplicationSceneManifest_Generation = YES;
				INFOPLIST_KEY_UIApplicationSupportsIndirectInputEvents = YES;
				INFOPLIST_KEY_UILaunchScreen_Generation = YES;
				INFOPLIST_KEY_UISupportedInterfaceOrientations_iPad = "UIInterfaceOrientationPortrait UIInterfaceOrientationPortraitUpsideDown UIInterfaceOrientationLandscapeLeft UIInterfaceOrientationLandscapeRight";
				INFOPLIST_KEY_UISupportedInterfaceOrientations_iPhone = "UIInterfaceOrientationPortrait UIInterfaceOrientationLandscapeLeft UIInterfaceOrientationLandscapeRight";
				LD_RUNPATH_SEARCH_PATHS = (
					"$(inherited)",
					"@executable_path/Frameworks",
				);
				MARKETING_VERSION = 1.0;
				PRODUCT_BUNDLE_IDENTIFIER = "cristian.laguna.Airbnb-clone";
				PRODUCT_NAME = "$(TARGET_NAME)";
				SWIFT_EMIT_LOC_STRINGS = YES;
				SWIFT_VERSION = 5.0;
				TARGETED_DEVICE_FAMILY = "1,2";
			};
			name = Debug;
		};
		6E99AA912BFEA919006C0FA1 /* Release */ = {
			isa = XCBuildConfiguration;
			baseConfigurationReference = E840AEA2BE612DD48951E424 /* Pods-Airbnb clone.release.xcconfig */;
			buildSettings = {
				ASSETCATALOG_COMPILER_APPICON_NAME = AppIcon;
				ASSETCATALOG_COMPILER_GLOBAL_ACCENT_COLOR_NAME = AccentColor;
				CODE_SIGN_STYLE = Automatic;
				CURRENT_PROJECT_VERSION = 1;
				DEVELOPMENT_ASSET_PATHS = "\"Airbnb clone/Preview Content\"";
				ENABLE_PREVIEWS = YES;
				GENERATE_INFOPLIST_FILE = YES;
				INFOPLIST_KEY_UIApplicationSceneManifest_Generation = YES;
				INFOPLIST_KEY_UIApplicationSupportsIndirectInputEvents = YES;
				INFOPLIST_KEY_UILaunchScreen_Generation = YES;
				INFOPLIST_KEY_UISupportedInterfaceOrientations_iPad = "UIInterfaceOrientationPortrait UIInterfaceOrientationPortraitUpsideDown UIInterfaceOrientationLandscapeLeft UIInterfaceOrientationLandscapeRight";
				INFOPLIST_KEY_UISupportedInterfaceOrientations_iPhone = "UIInterfaceOrientationPortrait UIInterfaceOrientationLandscapeLeft UIInterfaceOrientationLandscapeRight";
				LD_RUNPATH_SEARCH_PATHS = (
					"$(inherited)",
					"@executable_path/Frameworks",
				);
				MARKETING_VERSION = 1.0;
				PRODUCT_BUNDLE_IDENTIFIER = "cristian.laguna.Airbnb-clone";
				PRODUCT_NAME = "$(TARGET_NAME)";
				SWIFT_EMIT_LOC_STRINGS = YES;
				SWIFT_VERSION = 5.0;
				TARGETED_DEVICE_FAMILY = "1,2";
			};
			name = Release;
		};
/* End XCBuildConfiguration section */

/* Begin XCConfigurationList section */
		6E99AA7C2BFEA917006C0FA1 /* Build configuration list for PBXProject "Airbnb clone" */ = {
			isa = XCConfigurationList;
			buildConfigurations = (
				6E99AA8D2BFEA919006C0FA1 /* Debug */,
				6E99AA8E2BFEA919006C0FA1 /* Release */,
			);
			defaultConfigurationIsVisible = 0;
			defaultConfigurationName = Release;
		};
		6E99AA8F2BFEA919006C0FA1 /* Build configuration list for PBXNativeTarget "Airbnb clone" */ = {
			isa = XCConfigurationList;
			buildConfigurations = (
				6E99AA902BFEA919006C0FA1 /* Debug */,
				6E99AA912BFEA919006C0FA1 /* Release */,
			);
			defaultConfigurationIsVisible = 0;
			defaultConfigurationName = Release;
		};
/* End XCConfigurationList section */
	};
	rootObject = 6E99AA792BFEA917006C0FA1 /* Project object */;
}
